
Microsoft Visual Studio Solution File, Format Version 12.00
# Visual Studio 15
VisualStudioVersion = 15.0.27703.2047
MinimumVisualStudioVersion = 10.0.40219.1
Project("{FAE04EC0-301F-11D3-BF4B-00C04F79EFBC}") = "EventManager", "EventManager.csproj", "{8916A52C-CB04-4177-831D-AB8B9B4F8221}"
EndProject
Global
	GlobalSection(SolutionConfigurationPlatforms) = preSolution
		Debug|Any CPU = Debug|Any CPU
		Release|Any CPU = Release|Any CPU
	EndGlobalSection
	GlobalSection(ProjectConfigurationPlatforms) = postSolution
		{8916A52C-CB04-4177-831D-AB8B9B4F8221}.Debug|Any CPU.ActiveCfg = Debug|Any CPU
		{8916A52C-CB04-4177-831D-AB8B9B4F8221}.Debug|Any CPU.Build.0 = Debug|Any CPU
		{8916A52C-CB04-4177-831D-AB8B9B4F8221}.Release|Any CPU.ActiveCfg = Release|Any CPU
		{8916A52C-CB04-4177-831D-AB8B9B4F8221}.Release|Any CPU.Build.0 = Release|Any CPU
	EndGlobalSection
	GlobalSection(SolutionProperties) = preSolution
		HideSolutionNode = FALSE
	EndGlobalSection
	GlobalSection(ExtensibilityGlobals) = postSolution
		SolutionGuid = {FF99F563-67F9-4A9D-BA26-114F4141B2DB}
	EndGlobalSection
EndGlobal
